// !$*UTF8*$!
{
	archiveVersion = 1;
	classes = {
	};
	objectVersion = 51;
	objects = {

/* Begin PBXBuildFile section */
		3B28849523A37AF500F811FB /* RealmService.swift in Sources */ = {isa = PBXBuildFile; fileRef = 3B28849423A37AF500F811FB /* RealmService.swift */; };
		3B28849923A3B90800F811FB /* ContactsTableViewCellVM.swift in Sources */ = {isa = PBXBuildFile; fileRef = 3B28849823A3B90800F811FB /* ContactsTableViewCellVM.swift */; };
		3B733D9923A10DE700018BEB /* ContactsTableViewCell.swift in Sources */ = {isa = PBXBuildFile; fileRef = 3B733D9823A10DE700018BEB /* ContactsTableViewCell.swift */; };
		3B733D9C23A118FF00018BEB /* APIClient.swift in Sources */ = {isa = PBXBuildFile; fileRef = 3B733D9B23A118FF00018BEB /* APIClient.swift */; };
		3B733D9E23A1192500018BEB /* APIRequest.swift in Sources */ = {isa = PBXBuildFile; fileRef = 3B733D9D23A1192500018BEB /* APIRequest.swift */; };
		3B733DA023A11BAB00018BEB /* ErrorCodes.swift in Sources */ = {isa = PBXBuildFile; fileRef = 3B733D9F23A11BAB00018BEB /* ErrorCodes.swift */; };
		3B733DA223A11C0800018BEB /* Endpoints.swift in Sources */ = {isa = PBXBuildFile; fileRef = 3B733DA123A11C0800018BEB /* Endpoints.swift */; };
		3B733DA423A11C8800018BEB /* GetContactListRequest.swift in Sources */ = {isa = PBXBuildFile; fileRef = 3B733DA323A11C8800018BEB /* GetContactListRequest.swift */; };
		3B733DA723A1341300018BEB /* SplashViewModel.swift in Sources */ = {isa = PBXBuildFile; fileRef = 3B733DA623A1341300018BEB /* SplashViewModel.swift */; };
		3B733DA923A1349F00018BEB /* Contact.swift in Sources */ = {isa = PBXBuildFile; fileRef = 3B733DA823A1349F00018BEB /* Contact.swift */; };
		3B733DAC23A13B4B00018BEB /* PrefixOperator.swift in Sources */ = {isa = PBXBuildFile; fileRef = 3B733DAB23A13B4B00018BEB /* PrefixOperator.swift */; };
		3B733DB623A1573200018BEB /* ContactDetailsViewController.swift in Sources */ = {isa = PBXBuildFile; fileRef = 3B733DB523A1573200018BEB /* ContactDetailsViewController.swift */; };
		3B733DB823A15CB000018BEB /* ContactDetailsViewModel.swift in Sources */ = {isa = PBXBuildFile; fileRef = 3B733DB723A15CB000018BEB /* ContactDetailsViewModel.swift */; };
		3B733DBC23A15EF200018BEB /* ModifyContactDetailsRequest.swift in Sources */ = {isa = PBXBuildFile; fileRef = 3B733DBB23A15EF200018BEB /* ModifyContactDetailsRequest.swift */; };
		3B733DBE23A1648D00018BEB /* Utility.swift in Sources */ = {isa = PBXBuildFile; fileRef = 3B733DBD23A1648D00018BEB /* Utility.swift */; };
		3B733DC023A1650500018BEB /* Constants.swift in Sources */ = {isa = PBXBuildFile; fileRef = 3B733DBF23A1650500018BEB /* Constants.swift */; };
		3B76DD0723A2296F00EB6C08 /* CreateEditViewController.swift in Sources */ = {isa = PBXBuildFile; fileRef = 3B76DD0623A2296F00EB6C08 /* CreateEditViewController.swift */; };
		3B76DD0923A23A7600EB6C08 /* GradientView.swift in Sources */ = {isa = PBXBuildFile; fileRef = 3B76DD0823A23A7600EB6C08 /* GradientView.swift */; };
		3B76DD0B23A24C8200EB6C08 /* CreateEditViewModel.swift in Sources */ = {isa = PBXBuildFile; fileRef = 3B76DD0A23A24C8200EB6C08 /* CreateEditViewModel.swift */; };
		3B76DD0D23A24E9300EB6C08 /* CreateContactRequest.swift in Sources */ = {isa = PBXBuildFile; fileRef = 3B76DD0C23A24E9300EB6C08 /* CreateContactRequest.swift */; };
		3B76DD1623A288C800EB6C08 /* ValidationError.swift in Sources */ = {isa = PBXBuildFile; fileRef = 3B76DD1523A288C800EB6C08 /* ValidationError.swift */; };
		3B954ACA23A4EAC70072F01E /* String+Extension.swift in Sources */ = {isa = PBXBuildFile; fileRef = 3B954AC923A4EAC70072F01E /* String+Extension.swift */; };
		3B954AD823A6725D0072F01E /* SplashViewController.swift in Sources */ = {isa = PBXBuildFile; fileRef = 3B954AD723A6725D0072F01E /* SplashViewController.swift */; };
		3BC0C4DB23A0F93E0012205F /* AppDelegate.swift in Sources */ = {isa = PBXBuildFile; fileRef = 3BC0C4DA23A0F93E0012205F /* AppDelegate.swift */; };
		3BC0C4DF23A0F93E0012205F /* ContactsListViewController.swift in Sources */ = {isa = PBXBuildFile; fileRef = 3BC0C4DE23A0F93E0012205F /* ContactsListViewController.swift */; };
		3BC0C4E223A0F93E0012205F /* Main.storyboard in Resources */ = {isa = PBXBuildFile; fileRef = 3BC0C4E023A0F93E0012205F /* Main.storyboard */; };
		3BC0C4E423A0F9430012205F /* Assets.xcassets in Resources */ = {isa = PBXBuildFile; fileRef = 3BC0C4E323A0F9430012205F /* Assets.xcassets */; };
		3BC0C4E723A0F9430012205F /* LaunchScreen.storyboard in Resources */ = {isa = PBXBuildFile; fileRef = 3BC0C4E523A0F9430012205F /* LaunchScreen.storyboard */; };
		3BE02F6B23A2DEF700F8F830 /* SceneDelegate.swift in Sources */ = {isa = PBXBuildFile; fileRef = 3BE02F6A23A2DEF700F8F830 /* SceneDelegate.swift */; };
		3BE02F7123A2ECAD00F8F830 /* ImageView+Extensions.swift in Sources */ = {isa = PBXBuildFile; fileRef = 3BE02F6D23A2ECAC00F8F830 /* ImageView+Extensions.swift */; };
		3BE02F7223A2ECAD00F8F830 /* UIView+Extensions.swift in Sources */ = {isa = PBXBuildFile; fileRef = 3BE02F6E23A2ECAC00F8F830 /* UIView+Extensions.swift */; };
		3BE02F7323A2ECAD00F8F830 /* UIViewController+Extension.swift in Sources */ = {isa = PBXBuildFile; fileRef = 3BE02F6F23A2ECAC00F8F830 /* UIViewController+Extension.swift */; };
		3BE02F7423A2ECAD00F8F830 /* Encodable+Extensions.swift in Sources */ = {isa = PBXBuildFile; fileRef = 3BE02F7023A2ECAC00F8F830 /* Encodable+Extensions.swift */; };
		3BE02F7B23A306EF00F8F830 /* UserInfo.swift in Sources */ = {isa = PBXBuildFile; fileRef = 3BE02F7A23A306EF00F8F830 /* UserInfo.swift */; };
		CE58C6C8CE59B80F0663F1A7 /* Pods_AssignmentGojek.framework in Frameworks */ = {isa = PBXBuildFile; fileRef = F15080D09594FDEA88EB7495 /* Pods_AssignmentGojek.framework */; };
/* End PBXBuildFile section */

/* Begin PBXFileReference section */
		3B28849423A37AF500F811FB /* RealmService.swift */ = {isa = PBXFileReference; lastKnownFileType = sourcecode.swift; path = RealmService.swift; sourceTree = "<group>"; };
		3B28849823A3B90800F811FB /* ContactsTableViewCellVM.swift */ = {isa = PBXFileReference; lastKnownFileType = sourcecode.swift; path = ContactsTableViewCellVM.swift; sourceTree = "<group>"; };
		3B733D9823A10DE700018BEB /* ContactsTableViewCell.swift */ = {isa = PBXFileReference; lastKnownFileType = sourcecode.swift; path = ContactsTableViewCell.swift; sourceTree = "<group>"; };
		3B733D9B23A118FF00018BEB /* APIClient.swift */ = {isa = PBXFileReference; lastKnownFileType = sourcecode.swift; path = APIClient.swift; sourceTree = "<group>"; };
		3B733D9D23A1192500018BEB /* APIRequest.swift */ = {isa = PBXFileReference; lastKnownFileType = sourcecode.swift; path = APIRequest.swift; sourceTree = "<group>"; };
		3B733D9F23A11BAB00018BEB /* ErrorCodes.swift */ = {isa = PBXFileReference; lastKnownFileType = sourcecode.swift; path = ErrorCodes.swift; sourceTree = "<group>"; };
		3B733DA123A11C0800018BEB /* Endpoints.swift */ = {isa = PBXFileReference; lastKnownFileType = sourcecode.swift; path = Endpoints.swift; sourceTree = "<group>"; };
		3B733DA323A11C8800018BEB /* GetContactListRequest.swift */ = {isa = PBXFileReference; lastKnownFileType = sourcecode.swift; path = GetContactListRequest.swift; sourceTree = "<group>"; };
		3B733DA623A1341300018BEB /* SplashViewModel.swift */ = {isa = PBXFileReference; lastKnownFileType = sourcecode.swift; path = SplashViewModel.swift; sourceTree = "<group>"; };
		3B733DA823A1349F00018BEB /* Contact.swift */ = {isa = PBXFileReference; lastKnownFileType = sourcecode.swift; path = Contact.swift; sourceTree = "<group>"; };
		3B733DAB23A13B4B00018BEB /* PrefixOperator.swift */ = {isa = PBXFileReference; lastKnownFileType = sourcecode.swift; path = PrefixOperator.swift; sourceTree = "<group>"; };
		3B733DB523A1573200018BEB /* ContactDetailsViewController.swift */ = {isa = PBXFileReference; lastKnownFileType = sourcecode.swift; path = ContactDetailsViewController.swift; sourceTree = "<group>"; };
		3B733DB723A15CB000018BEB /* ContactDetailsViewModel.swift */ = {isa = PBXFileReference; lastKnownFileType = sourcecode.swift; path = ContactDetailsViewModel.swift; sourceTree = "<group>"; };
		3B733DBB23A15EF200018BEB /* ModifyContactDetailsRequest.swift */ = {isa = PBXFileReference; lastKnownFileType = sourcecode.swift; path = ModifyContactDetailsRequest.swift; sourceTree = "<group>"; };
		3B733DBD23A1648D00018BEB /* Utility.swift */ = {isa = PBXFileReference; lastKnownFileType = sourcecode.swift; path = Utility.swift; sourceTree = "<group>"; };
		3B733DBF23A1650500018BEB /* Constants.swift */ = {isa = PBXFileReference; lastKnownFileType = sourcecode.swift; path = Constants.swift; sourceTree = "<group>"; };
		3B76DD0623A2296F00EB6C08 /* CreateEditViewController.swift */ = {isa = PBXFileReference; lastKnownFileType = sourcecode.swift; path = CreateEditViewController.swift; sourceTree = "<group>"; };
		3B76DD0823A23A7600EB6C08 /* GradientView.swift */ = {isa = PBXFileReference; lastKnownFileType = sourcecode.swift; path = GradientView.swift; sourceTree = "<group>"; };
		3B76DD0A23A24C8200EB6C08 /* CreateEditViewModel.swift */ = {isa = PBXFileReference; lastKnownFileType = sourcecode.swift; path = CreateEditViewModel.swift; sourceTree = "<group>"; };
		3B76DD0C23A24E9300EB6C08 /* CreateContactRequest.swift */ = {isa = PBXFileReference; lastKnownFileType = sourcecode.swift; path = CreateContactRequest.swift; sourceTree = "<group>"; };
		3B76DD1523A288C800EB6C08 /* ValidationError.swift */ = {isa = PBXFileReference; lastKnownFileType = sourcecode.swift; path = ValidationError.swift; sourceTree = "<group>"; };
		3B954AC923A4EAC70072F01E /* String+Extension.swift */ = {isa = PBXFileReference; lastKnownFileType = sourcecode.swift; path = "String+Extension.swift"; sourceTree = "<group>"; };
		3B954AD723A6725D0072F01E /* SplashViewController.swift */ = {isa = PBXFileReference; lastKnownFileType = sourcecode.swift; path = SplashViewController.swift; sourceTree = "<group>"; };
		3BC0C4D723A0F93E0012205F /* AssignmentGojek.app */ = {isa = PBXFileReference; explicitFileType = wrapper.application; includeInIndex = 0; path = AssignmentGojek.app; sourceTree = BUILT_PRODUCTS_DIR; };
		3BC0C4DA23A0F93E0012205F /* AppDelegate.swift */ = {isa = PBXFileReference; lastKnownFileType = sourcecode.swift; path = AppDelegate.swift; sourceTree = "<group>"; };
		3BC0C4DE23A0F93E0012205F /* ContactsListViewController.swift */ = {isa = PBXFileReference; lastKnownFileType = sourcecode.swift; path = ContactsListViewController.swift; sourceTree = "<group>"; };
		3BC0C4E123A0F93E0012205F /* Base */ = {isa = PBXFileReference; lastKnownFileType = file.storyboard; name = Base; path = Base.lproj/Main.storyboard; sourceTree = "<group>"; };
		3BC0C4E323A0F9430012205F /* Assets.xcassets */ = {isa = PBXFileReference; lastKnownFileType = folder.assetcatalog; path = Assets.xcassets; sourceTree = "<group>"; };
		3BC0C4E623A0F9430012205F /* Base */ = {isa = PBXFileReference; lastKnownFileType = file.storyboard; name = Base; path = Base.lproj/LaunchScreen.storyboard; sourceTree = "<group>"; };
		3BC0C4E823A0F9430012205F /* Info.plist */ = {isa = PBXFileReference; lastKnownFileType = text.plist.xml; path = Info.plist; sourceTree = "<group>"; };
		3BE02F6A23A2DEF700F8F830 /* SceneDelegate.swift */ = {isa = PBXFileReference; fileEncoding = 4; lastKnownFileType = sourcecode.swift; path = SceneDelegate.swift; sourceTree = "<group>"; };
		3BE02F6D23A2ECAC00F8F830 /* ImageView+Extensions.swift */ = {isa = PBXFileReference; fileEncoding = 4; lastKnownFileType = sourcecode.swift; path = "ImageView+Extensions.swift"; sourceTree = "<group>"; };
		3BE02F6E23A2ECAC00F8F830 /* UIView+Extensions.swift */ = {isa = PBXFileReference; fileEncoding = 4; lastKnownFileType = sourcecode.swift; path = "UIView+Extensions.swift"; sourceTree = "<group>"; };
		3BE02F6F23A2ECAC00F8F830 /* UIViewController+Extension.swift */ = {isa = PBXFileReference; fileEncoding = 4; lastKnownFileType = sourcecode.swift; path = "UIViewController+Extension.swift"; sourceTree = "<group>"; };
		3BE02F7023A2ECAC00F8F830 /* Encodable+Extensions.swift */ = {isa = PBXFileReference; fileEncoding = 4; lastKnownFileType = sourcecode.swift; path = "Encodable+Extensions.swift"; sourceTree = "<group>"; };
		3BE02F7A23A306EF00F8F830 /* UserInfo.swift */ = {isa = PBXFileReference; lastKnownFileType = sourcecode.swift; path = UserInfo.swift; sourceTree = "<group>"; };
		636BA030695DCC512A80432E /* Pods-AssignmentGojek.debug.xcconfig */ = {isa = PBXFileReference; includeInIndex = 1; lastKnownFileType = text.xcconfig; name = "Pods-AssignmentGojek.debug.xcconfig"; path = "Target Support Files/Pods-AssignmentGojek/Pods-AssignmentGojek.debug.xcconfig"; sourceTree = "<group>"; };
		835FBE0C51125CA55D5162CD /* Pods-AssignmentGojek.release.xcconfig */ = {isa = PBXFileReference; includeInIndex = 1; lastKnownFileType = text.xcconfig; name = "Pods-AssignmentGojek.release.xcconfig"; path = "Target Support Files/Pods-AssignmentGojek/Pods-AssignmentGojek.release.xcconfig"; sourceTree = "<group>"; };
		F15080D09594FDEA88EB7495 /* Pods_AssignmentGojek.framework */ = {isa = PBXFileReference; explicitFileType = wrapper.framework; includeInIndex = 0; path = Pods_AssignmentGojek.framework; sourceTree = BUILT_PRODUCTS_DIR; };
/* End PBXFileReference section */

/* Begin PBXFrameworksBuildPhase section */
		3BC0C4D423A0F93E0012205F /* Frameworks */ = {
			isa = PBXFrameworksBuildPhase;
			buildActionMask = 2147483647;
			files = (
				CE58C6C8CE59B80F0663F1A7 /* Pods_AssignmentGojek.framework in Frameworks */,
			);
			runOnlyForDeploymentPostprocessing = 0;
		};
/* End PBXFrameworksBuildPhase section */

/* Begin PBXGroup section */
		3B733D9A23A10F1E00018BEB /* Networking */ = {
			isa = PBXGroup;
			children = (
				3B733DA523A133D600018BEB /* APIRequests */,
				3B733D9B23A118FF00018BEB /* APIClient.swift */,
				3B733DA123A11C0800018BEB /* Endpoints.swift */,
				3B733D9F23A11BAB00018BEB /* ErrorCodes.swift */,
				3B733D9D23A1192500018BEB /* APIRequest.swift */,
				3B76DD1523A288C800EB6C08 /* ValidationError.swift */,
			);
			path = Networking;
			sourceTree = "<group>";
		};
		3B733DA523A133D600018BEB /* APIRequests */ = {
			isa = PBXGroup;
			children = (
				3B733DA323A11C8800018BEB /* GetContactListRequest.swift */,
				3B733DBB23A15EF200018BEB /* ModifyContactDetailsRequest.swift */,
				3B76DD0C23A24E9300EB6C08 /* CreateContactRequest.swift */,
			);
			path = APIRequests;
			sourceTree = "<group>";
		};
		3B733DAA23A13B2800018BEB /* Utilities */ = {
			isa = PBXGroup;
			children = (
				3B733DAB23A13B4B00018BEB /* PrefixOperator.swift */,
				3B733DBD23A1648D00018BEB /* Utility.swift */,
				3B733DBF23A1650500018BEB /* Constants.swift */,
				3BE02F7A23A306EF00F8F830 /* UserInfo.swift */,
				3B28849423A37AF500F811FB /* RealmService.swift */,
				3B76DD0823A23A7600EB6C08 /* GradientView.swift */,
			);
			path = Utilities;
			sourceTree = "<group>";
		};
		3B733DB123A156E400018BEB /* ContactDetails */ = {
			isa = PBXGroup;
			children = (
				3B733DB423A1570400018BEB /* View */,
				3B733DB323A156FD00018BEB /* ViewModel */,
			);
			path = ContactDetails;
			sourceTree = "<group>";
		};
		3B733DB323A156FD00018BEB /* ViewModel */ = {
			isa = PBXGroup;
			children = (
				3B733DB723A15CB000018BEB /* ContactDetailsViewModel.swift */,
			);
			path = ViewModel;
			sourceTree = "<group>";
		};
		3B733DB423A1570400018BEB /* View */ = {
			isa = PBXGroup;
			children = (
				3B733DB523A1573200018BEB /* ContactDetailsViewController.swift */,
			);
			path = View;
			sourceTree = "<group>";
		};
		3B76DD0223A228F200EB6C08 /* CreateOrEditContact */ = {
			isa = PBXGroup;
			children = (
				3B76DD0523A2292400EB6C08 /* View */,
				3B76DD0423A2291D00EB6C08 /* ViewModel */,
			);
			path = CreateOrEditContact;
			sourceTree = "<group>";
		};
		3B76DD0423A2291D00EB6C08 /* ViewModel */ = {
			isa = PBXGroup;
			children = (
				3B76DD0A23A24C8200EB6C08 /* CreateEditViewModel.swift */,
			);
			path = ViewModel;
			sourceTree = "<group>";
		};
		3B76DD0523A2292400EB6C08 /* View */ = {
			isa = PBXGroup;
			children = (
				3B76DD0623A2296F00EB6C08 /* CreateEditViewController.swift */,
			);
			path = View;
			sourceTree = "<group>";
		};
		3B954AD323A672190072F01E /* Splash */ = {
			isa = PBXGroup;
			children = (
				3B954AD623A672380072F01E /* View */,
				3B954AD523A672310072F01E /* ViewModel */,
				3B954AD423A672230072F01E /* Model */,
			);
			path = Splash;
			sourceTree = "<group>";
		};
		3B954AD423A672230072F01E /* Model */ = {
			isa = PBXGroup;
			children = (
				3B733DA823A1349F00018BEB /* Contact.swift */,
			);
			path = Model;
			sourceTree = "<group>";
		};
		3B954AD523A672310072F01E /* ViewModel */ = {
			isa = PBXGroup;
			children = (
				3B733DA623A1341300018BEB /* SplashViewModel.swift */,
			);
			path = ViewModel;
			sourceTree = "<group>";
		};
		3B954AD623A672380072F01E /* View */ = {
			isa = PBXGroup;
			children = (
				3B954AD723A6725D0072F01E /* SplashViewController.swift */,
			);
			path = View;
			sourceTree = "<group>";
		};
		3BC0C4CE23A0F93E0012205F = {
			isa = PBXGroup;
			children = (
				3BC0C4D923A0F93E0012205F /* AssignmentGojek */,
				3BC0C4D823A0F93E0012205F /* Products */,
				CD93A0C537EDDDD3871CAC02 /* Pods */,
				89B13BC92696E82227E79EF5 /* Frameworks */,
			);
			sourceTree = "<group>";
		};
		3BC0C4D823A0F93E0012205F /* Products */ = {
			isa = PBXGroup;
			children = (
				3BC0C4D723A0F93E0012205F /* AssignmentGojek.app */,
			);
			name = Products;
			sourceTree = "<group>";
		};
		3BC0C4D923A0F93E0012205F /* AssignmentGojek */ = {
			isa = PBXGroup;
			children = (
				3BC0C4F123A107320012205F /* Application */,
				3BC0C4F023A1071C0012205F /* Module */,
				3BC0C4F223A1073F0012205F /* Storyboards */,
				3B733D9A23A10F1E00018BEB /* Networking */,
				3B733DAA23A13B2800018BEB /* Utilities */,
				3BE02F6C23A2ECAC00F8F830 /* Extensions */,
			);
			path = AssignmentGojek;
			sourceTree = "<group>";
		};
		3BC0C4EE23A107030012205F /* View */ = {
			isa = PBXGroup;
			children = (
				3BC0C4DE23A0F93E0012205F /* ContactsListViewController.swift */,
				3B733D9823A10DE700018BEB /* ContactsTableViewCell.swift */,
			);
			path = View;
			sourceTree = "<group>";
		};
		3BC0C4EF23A1070B0012205F /* ContactsList */ = {
			isa = PBXGroup;
			children = (
				3BC0C4EE23A107030012205F /* View */,
				3BC0C4F323A1078D0012205F /* ViewModel */,
			);
			path = ContactsList;
			sourceTree = "<group>";
		};
		3BC0C4F023A1071C0012205F /* Module */ = {
			isa = PBXGroup;
			children = (
				3B954AD323A672190072F01E /* Splash */,
				3BC0C4EF23A1070B0012205F /* ContactsList */,
				3B733DB123A156E400018BEB /* ContactDetails */,
				3B76DD0223A228F200EB6C08 /* CreateOrEditContact */,
			);
			path = Module;
			sourceTree = "<group>";
		};
		3BC0C4F123A107320012205F /* Application */ = {
			isa = PBXGroup;
			children = (
				3BE02F6A23A2DEF700F8F830 /* SceneDelegate.swift */,
				3BC0C4DA23A0F93E0012205F /* AppDelegate.swift */,
				3BC0C4E323A0F9430012205F /* Assets.xcassets */,
				3BC0C4E823A0F9430012205F /* Info.plist */,
			);
			path = Application;
			sourceTree = "<group>";
		};
		3BC0C4F223A1073F0012205F /* Storyboards */ = {
			isa = PBXGroup;
			children = (
				3BC0C4E023A0F93E0012205F /* Main.storyboard */,
				3BC0C4E523A0F9430012205F /* LaunchScreen.storyboard */,
			);
			path = Storyboards;
			sourceTree = "<group>";
		};
		3BC0C4F323A1078D0012205F /* ViewModel */ = {
			isa = PBXGroup;
			children = (
				3B28849823A3B90800F811FB /* ContactsTableViewCellVM.swift */,
			);
			path = ViewModel;
			sourceTree = "<group>";
		};
		3BE02F6C23A2ECAC00F8F830 /* Extensions */ = {
			isa = PBXGroup;
			children = (
				3BE02F6D23A2ECAC00F8F830 /* ImageView+Extensions.swift */,
				3B954AC923A4EAC70072F01E /* String+Extension.swift */,
				3BE02F6E23A2ECAC00F8F830 /* UIView+Extensions.swift */,
				3BE02F6F23A2ECAC00F8F830 /* UIViewController+Extension.swift */,
				3BE02F7023A2ECAC00F8F830 /* Encodable+Extensions.swift */,
			);
			path = Extensions;
			sourceTree = "<group>";
		};
		89B13BC92696E82227E79EF5 /* Frameworks */ = {
			isa = PBXGroup;
			children = (
				F15080D09594FDEA88EB7495 /* Pods_AssignmentGojek.framework */,
			);
			name = Frameworks;
			sourceTree = "<group>";
		};
		CD93A0C537EDDDD3871CAC02 /* Pods */ = {
			isa = PBXGroup;
			children = (
				636BA030695DCC512A80432E /* Pods-AssignmentGojek.debug.xcconfig */,
				835FBE0C51125CA55D5162CD /* Pods-AssignmentGojek.release.xcconfig */,
			);
			path = Pods;
			sourceTree = "<group>";
		};
/* End PBXGroup section */

/* Begin PBXNativeTarget section */
		3BC0C4D623A0F93E0012205F /* AssignmentGojek */ = {
			isa = PBXNativeTarget;
			buildConfigurationList = 3BC0C4EB23A0F9430012205F /* Build configuration list for PBXNativeTarget "AssignmentGojek" */;
			buildPhases = (
				363B13116908EF4537CBC081 /* [CP] Check Pods Manifest.lock */,
				3BC0C4D323A0F93E0012205F /* Sources */,
				3BC0C4D423A0F93E0012205F /* Frameworks */,
				3BC0C4D523A0F93E0012205F /* Resources */,
				D9C0E3B99EADCC1060FD0022 /* [CP] Embed Pods Frameworks */,
			);
			buildRules = (
			);
			dependencies = (
			);
			name = AssignmentGojek;
			productName = AssignmentGojek;
			productReference = 3BC0C4D723A0F93E0012205F /* AssignmentGojek.app */;
			productType = "com.apple.product-type.application";
		};
/* End PBXNativeTarget section */

/* Begin PBXProject section */
		3BC0C4CF23A0F93E0012205F /* Project object */ = {
			isa = PBXProject;
			attributes = {
				LastSwiftUpdateCheck = 1120;
				LastUpgradeCheck = 1120;
				ORGANIZATIONNAME = "Subham Choudhary";
				TargetAttributes = {
					3BC0C4D623A0F93E0012205F = {
						CreatedOnToolsVersion = 11.2.1;
					};
				};
			};
			buildConfigurationList = 3BC0C4D223A0F93E0012205F /* Build configuration list for PBXProject "AssignmentGojek" */;
			compatibilityVersion = "Xcode 9.3";
			developmentRegion = en;
			hasScannedForEncodings = 0;
			knownRegions = (
				en,
				Base,
			);
			mainGroup = 3BC0C4CE23A0F93E0012205F;
			productRefGroup = 3BC0C4D823A0F93E0012205F /* Products */;
			projectDirPath = "";
			projectRoot = "";
			targets = (
				3BC0C4D623A0F93E0012205F /* AssignmentGojek */,
			);
		};
/* End PBXProject section */

/* Begin PBXResourcesBuildPhase section */
		3BC0C4D523A0F93E0012205F /* Resources */ = {
			isa = PBXResourcesBuildPhase;
			buildActionMask = 2147483647;
			files = (
				3BC0C4E723A0F9430012205F /* LaunchScreen.storyboard in Resources */,
				3BC0C4E423A0F9430012205F /* Assets.xcassets in Resources */,
				3BC0C4E223A0F93E0012205F /* Main.storyboard in Resources */,
			);
			runOnlyForDeploymentPostprocessing = 0;
		};
/* End PBXResourcesBuildPhase section */

/* Begin PBXShellScriptBuildPhase section */
		363B13116908EF4537CBC081 /* [CP] Check Pods Manifest.lock */ = {
			isa = PBXShellScriptBuildPhase;
			buildActionMask = 2147483647;
			files = (
			);
			inputFileListPaths = (
			);
			inputPaths = (
				"${PODS_PODFILE_DIR_PATH}/Podfile.lock",
				"${PODS_ROOT}/Manifest.lock",
			);
			name = "[CP] Check Pods Manifest.lock";
			outputFileListPaths = (
			);
			outputPaths = (
				"$(DERIVED_FILE_DIR)/Pods-AssignmentGojek-checkManifestLockResult.txt",
			);
			runOnlyForDeploymentPostprocessing = 0;
			shellPath = /bin/sh;
			shellScript = "diff \"${PODS_PODFILE_DIR_PATH}/Podfile.lock\" \"${PODS_ROOT}/Manifest.lock\" > /dev/null\nif [ $? != 0 ] ; then\n    # print error to STDERR\n    echo \"error: The sandbox is not in sync with the Podfile.lock. Run 'pod install' or update your CocoaPods installation.\" >&2\n    exit 1\nfi\n# This output is used by Xcode 'outputs' to avoid re-running this script phase.\necho \"SUCCESS\" > \"${SCRIPT_OUTPUT_FILE_0}\"\n";
			showEnvVarsInLog = 0;
		};
		D9C0E3B99EADCC1060FD0022 /* [CP] Embed Pods Frameworks */ = {
			isa = PBXShellScriptBuildPhase;
			buildActionMask = 2147483647;
			files = (
			);
			inputFileListPaths = (
				"${PODS_ROOT}/Target Support Files/Pods-AssignmentGojek/Pods-AssignmentGojek-frameworks-${CONFIGURATION}-input-files.xcfilelist",
			);
			name = "[CP] Embed Pods Frameworks";
			outputFileListPaths = (
				"${PODS_ROOT}/Target Support Files/Pods-AssignmentGojek/Pods-AssignmentGojek-frameworks-${CONFIGURATION}-output-files.xcfilelist",
			);
			runOnlyForDeploymentPostprocessing = 0;
			shellPath = /bin/sh;
			shellScript = "\"${PODS_ROOT}/Target Support Files/Pods-AssignmentGojek/Pods-AssignmentGojek-frameworks.sh\"\n";
			showEnvVarsInLog = 0;
		};
/* End PBXShellScriptBuildPhase section */

/* Begin PBXSourcesBuildPhase section */
		3BC0C4D323A0F93E0012205F /* Sources */ = {
			isa = PBXSourcesBuildPhase;
			buildActionMask = 2147483647;
			files = (
				3B733D9923A10DE700018BEB /* ContactsTableViewCell.swift in Sources */,
				3B733DBC23A15EF200018BEB /* ModifyContactDetailsRequest.swift in Sources */,
				3BE02F7223A2ECAD00F8F830 /* UIView+Extensions.swift in Sources */,
				3B76DD1623A288C800EB6C08 /* ValidationError.swift in Sources */,
				3BC0C4DF23A0F93E0012205F /* ContactsListViewController.swift in Sources */,
				3BC0C4DB23A0F93E0012205F /* AppDelegate.swift in Sources */,
				3B733D9C23A118FF00018BEB /* APIClient.swift in Sources */,
				3B954ACA23A4EAC70072F01E /* String+Extension.swift in Sources */,
				3B733DBE23A1648D00018BEB /* Utility.swift in Sources */,
				3B733DB623A1573200018BEB /* ContactDetailsViewController.swift in Sources */,
				3B733DB823A15CB000018BEB /* ContactDetailsViewModel.swift in Sources */,
				3B733DA023A11BAB00018BEB /* ErrorCodes.swift in Sources */,
				3BE02F6B23A2DEF700F8F830 /* SceneDelegate.swift in Sources */,
				3B76DD0923A23A7600EB6C08 /* GradientView.swift in Sources */,
				3B733DA723A1341300018BEB /* SplashViewModel.swift in Sources */,
				3BE02F7323A2ECAD00F8F830 /* UIViewController+Extension.swift in Sources */,
				3B28849923A3B90800F811FB /* ContactsTableViewCellVM.swift in Sources */,
				3B733DA923A1349F00018BEB /* Contact.swift in Sources */,
				3B76DD0B23A24C8200EB6C08 /* CreateEditViewModel.swift in Sources */,
				3BE02F7B23A306EF00F8F830 /* UserInfo.swift in Sources */,
				3B733D9E23A1192500018BEB /* APIRequest.swift in Sources */,
				3B76DD0723A2296F00EB6C08 /* CreateEditViewController.swift in Sources */,
				3B733DC023A1650500018BEB /* Constants.swift in Sources */,
				3B733DA423A11C8800018BEB /* GetContactListRequest.swift in Sources */,
				3B28849523A37AF500F811FB /* RealmService.swift in Sources */,
				3BE02F7423A2ECAD00F8F830 /* Encodable+Extensions.swift in Sources */,
				3B954AD823A6725D0072F01E /* SplashViewController.swift in Sources */,
				3B76DD0D23A24E9300EB6C08 /* CreateContactRequest.swift in Sources */,
				3B733DA223A11C0800018BEB /* Endpoints.swift in Sources */,
				3BE02F7123A2ECAD00F8F830 /* ImageView+Extensions.swift in Sources */,
				3B733DAC23A13B4B00018BEB /* PrefixOperator.swift in Sources */,
			);
			runOnlyForDeploymentPostprocessing = 0;
		};
/* End PBXSourcesBuildPhase section */

/* Begin PBXVariantGroup section */
		3BC0C4E023A0F93E0012205F /* Main.storyboard */ = {
			isa = PBXVariantGroup;
			children = (
				3BC0C4E123A0F93E0012205F /* Base */,
			);
			name = Main.storyboard;
			sourceTree = "<group>";
		};
		3BC0C4E523A0F9430012205F /* LaunchScreen.storyboard */ = {
			isa = PBXVariantGroup;
			children = (
				3BC0C4E623A0F9430012205F /* Base */,
			);
			name = LaunchScreen.storyboard;
			sourceTree = "<group>";
		};
/* End PBXVariantGroup section */

/* Begin XCBuildConfiguration section */
		3BC0C4E923A0F9430012205F /* Debug */ = {
			isa = XCBuildConfiguration;
			buildSettings = {
				ALWAYS_SEARCH_USER_PATHS = NO;
				CLANG_ANALYZER_NONNULL = YES;
				CLANG_ANALYZER_NUMBER_OBJECT_CONVERSION = YES_AGGRESSIVE;
				CLANG_CXX_LANGUAGE_STANDARD = "gnu++14";
				CLANG_CXX_LIBRARY = "libc++";
				CLANG_ENABLE_MODULES = YES;
				CLANG_ENABLE_OBJC_ARC = YES;
				CLANG_ENABLE_OBJC_WEAK = YES;
				CLANG_WARN_BLOCK_CAPTURE_AUTORELEASING = YES;
				CLANG_WARN_BOOL_CONVERSION = YES;
				CLANG_WARN_COMMA = YES;
				CLANG_WARN_CONSTANT_CONVERSION = YES;
				CLANG_WARN_DEPRECATED_OBJC_IMPLEMENTATIONS = YES;
				CLANG_WARN_DIRECT_OBJC_ISA_USAGE = YES_ERROR;
				CLANG_WARN_DOCUMENTATION_COMMENTS = YES;
				CLANG_WARN_EMPTY_BODY = YES;
				CLANG_WARN_ENUM_CONVERSION = YES;
				CLANG_WARN_INFINITE_RECURSION = YES;
				CLANG_WARN_INT_CONVERSION = YES;
				CLANG_WARN_NON_LITERAL_NULL_CONVERSION = YES;
				CLANG_WARN_OBJC_IMPLICIT_RETAIN_SELF = YES;
				CLANG_WARN_OBJC_LITERAL_CONVERSION = YES;
				CLANG_WARN_OBJC_ROOT_CLASS = YES_ERROR;
				CLANG_WARN_RANGE_LOOP_ANALYSIS = YES;
				CLANG_WARN_STRICT_PROTOTYPES = YES;
				CLANG_WARN_SUSPICIOUS_MOVE = YES;
				CLANG_WARN_UNGUARDED_AVAILABILITY = YES_AGGRESSIVE;
				CLANG_WARN_UNREACHABLE_CODE = YES;
				CLANG_WARN__DUPLICATE_METHOD_MATCH = YES;
				COPY_PHASE_STRIP = NO;
				DEBUG_INFORMATION_FORMAT = dwarf;
				ENABLE_STRICT_OBJC_MSGSEND = YES;
				ENABLE_TESTABILITY = YES;
				GCC_C_LANGUAGE_STANDARD = gnu11;
				GCC_DYNAMIC_NO_PIC = NO;
				GCC_NO_COMMON_BLOCKS = YES;
				GCC_OPTIMIZATION_LEVEL = 0;
				GCC_PREPROCESSOR_DEFINITIONS = (
					"DEBUG=1",
					"$(inherited)",
				);
				GCC_WARN_64_TO_32_BIT_CONVERSION = YES;
				GCC_WARN_ABOUT_RETURN_TYPE = YES_ERROR;
				GCC_WARN_UNDECLARED_SELECTOR = YES;
				GCC_WARN_UNINITIALIZED_AUTOS = YES_AGGRESSIVE;
				GCC_WARN_UNUSED_FUNCTION = YES;
				GCC_WARN_UNUSED_VARIABLE = YES;
				IPHONEOS_DEPLOYMENT_TARGET = 13.2;
				MTL_ENABLE_DEBUG_INFO = INCLUDE_SOURCE;
				MTL_FAST_MATH = YES;
				ONLY_ACTIVE_ARCH = YES;
				SDKROOT = iphoneos;
				SWIFT_ACTIVE_COMPILATION_CONDITIONS = DEBUG;
				SWIFT_OPTIMIZATION_LEVEL = "-Onone";
			};
			name = Debug;
		};
		3BC0C4EA23A0F9430012205F /* Release */ = {
			isa = XCBuildConfiguration;
			buildSettings = {
				ALWAYS_SEARCH_USER_PATHS = NO;
				CLANG_ANALYZER_NONNULL = YES;
				CLANG_ANALYZER_NUMBER_OBJECT_CONVERSION = YES_AGGRESSIVE;
				CLANG_CXX_LANGUAGE_STANDARD = "gnu++14";
				CLANG_CXX_LIBRARY = "libc++";
				CLANG_ENABLE_MODULES = YES;
				CLANG_ENABLE_OBJC_ARC = YES;
				CLANG_ENABLE_OBJC_WEAK = YES;
				CLANG_WARN_BLOCK_CAPTURE_AUTORELEASING = YES;
				CLANG_WARN_BOOL_CONVERSION = YES;
				CLANG_WARN_COMMA = YES;
				CLANG_WARN_CONSTANT_CONVERSION = YES;
				CLANG_WARN_DEPRECATED_OBJC_IMPLEMENTATIONS = YES;
				CLANG_WARN_DIRECT_OBJC_ISA_USAGE = YES_ERROR;
				CLANG_WARN_DOCUMENTATION_COMMENTS = YES;
				CLANG_WARN_EMPTY_BODY = YES;
				CLANG_WARN_ENUM_CONVERSION = YES;
				CLANG_WARN_INFINITE_RECURSION = YES;
				CLANG_WARN_INT_CONVERSION = YES;
				CLANG_WARN_NON_LITERAL_NULL_CONVERSION = YES;
				CLANG_WARN_OBJC_IMPLICIT_RETAIN_SELF = YES;
				CLANG_WARN_OBJC_LITERAL_CONVERSION = YES;
				CLANG_WARN_OBJC_ROOT_CLASS = YES_ERROR;
				CLANG_WARN_RANGE_LOOP_ANALYSIS = YES;
				CLANG_WARN_STRICT_PROTOTYPES = YES;
				CLANG_WARN_SUSPICIOUS_MOVE = YES;
				CLANG_WARN_UNGUARDED_AVAILABILITY = YES_AGGRESSIVE;
				CLANG_WARN_UNREACHABLE_CODE = YES;
				CLANG_WARN__DUPLICATE_METHOD_MATCH = YES;
				COPY_PHASE_STRIP = NO;
				DEBUG_INFORMATION_FORMAT = "dwarf-with-dsym";
				ENABLE_NS_ASSERTIONS = NO;
				ENABLE_STRICT_OBJC_MSGSEND = YES;
				GCC_C_LANGUAGE_STANDARD = gnu11;
				GCC_NO_COMMON_BLOCKS = YES;
				GCC_WARN_64_TO_32_BIT_CONVERSION = YES;
				GCC_WARN_ABOUT_RETURN_TYPE = YES_ERROR;
				GCC_WARN_UNDECLARED_SELECTOR = YES;
				GCC_WARN_UNINITIALIZED_AUTOS = YES_AGGRESSIVE;
				GCC_WARN_UNUSED_FUNCTION = YES;
				GCC_WARN_UNUSED_VARIABLE = YES;
				IPHONEOS_DEPLOYMENT_TARGET = 13.2;
				MTL_ENABLE_DEBUG_INFO = NO;
				MTL_FAST_MATH = YES;
				SDKROOT = iphoneos;
				SWIFT_COMPILATION_MODE = wholemodule;
				SWIFT_OPTIMIZATION_LEVEL = "-O";
				VALIDATE_PRODUCT = YES;
			};
			name = Release;
		};
		3BC0C4EC23A0F9430012205F /* Debug */ = {
			isa = XCBuildConfiguration;
			baseConfigurationReference = 636BA030695DCC512A80432E /* Pods-AssignmentGojek.debug.xcconfig */;
			buildSettings = {
				ASSETCATALOG_COMPILER_APPICON_NAME = AppIcon;
				CODE_SIGN_STYLE = Automatic;
				DEVELOPMENT_TEAM = GA839A65MF;
				INFOPLIST_FILE = "$(SRCROOT)/AssignmentGojek/Application/Info.plist";
				IPHONEOS_DEPLOYMENT_TARGET = 12.1;
				LD_RUNPATH_SEARCH_PATHS = (
					"$(inherited)",
					"@executable_path/Frameworks",
				);
				PRODUCT_BUNDLE_IDENTIFIER = abc.AssignmentGojek8;
				PRODUCT_NAME = "$(TARGET_NAME)";
				SWIFT_VERSION = 5.0;
				TARGETED_DEVICE_FAMILY = "1,2";
			};
			name = Debug;
		};
		3BC0C4ED23A0F9430012205F /* Release */ = {
			isa = XCBuildConfiguration;
			baseConfigurationReference = 835FBE0C51125CA55D5162CD /* Pods-AssignmentGojek.release.xcconfig */;
			buildSettings = {
				ASSETCATALOG_COMPILER_APPICON_NAME = AppIcon;
				CODE_SIGN_STYLE = Automatic;
				DEVELOPMENT_TEAM = GA839A65MF;
				INFOPLIST_FILE = "$(SRCROOT)/AssignmentGojek/Application/Info.plist";
				IPHONEOS_DEPLOYMENT_TARGET = 12.1;
				LD_RUNPATH_SEARCH_PATHS = (
					"$(inherited)",
					"@executable_path/Frameworks",
				);
				PRODUCT_BUNDLE_IDENTIFIER = abc.AssignmentGojek8;
				PRODUCT_NAME = "$(TARGET_NAME)";
				SWIFT_VERSION = 5.0;
				TARGETED_DEVICE_FAMILY = "1,2";
			};
			name = Release;
		};
/* End XCBuildConfiguration section */

/* Begin XCConfigurationList section */
		3BC0C4D223A0F93E0012205F /* Build configuration list for PBXProject "AssignmentGojek" */ = {
			isa = XCConfigurationList;
			buildConfigurations = (
				3BC0C4E923A0F9430012205F /* Debug */,
				3BC0C4EA23A0F9430012205F /* Release */,
			);
			defaultConfigurationIsVisible = 0;
			defaultConfigurationName = Release;
		};
		3BC0C4EB23A0F9430012205F /* Build configuration list for PBXNativeTarget "AssignmentGojek" */ = {
			isa = XCConfigurationList;
			buildConfigurations = (
				3BC0C4EC23A0F9430012205F /* Debug */,
				3BC0C4ED23A0F9430012205F /* Release */,
			);
			defaultConfigurationIsVisible = 0;
			defaultConfigurationName = Release;
		};
/* End XCConfigurationList section */
	};
	rootObject = 3BC0C4CF23A0F93E0012205F /* Project object */;
}
